PODS:
  - Alamofire (4.9.1)
  - AlamofireObjectMapper (5.2.1):
    - Alamofire (~> 4.7)
    - ObjectMapper (~> 3.4)
  - ObjectMapper (3.5.3)
  - SDWebImage (5.15.4):
    - SDWebImage/Core (= 5.15.4)
  - SDWebImage/Core (5.15.4)

DEPENDENCIES:
  - AlamofireObjectMapper (~> 5.2)
  - SDWebImage

SPEC REPOS:
  trunk:
    - Alamofire
    - AlamofireObjectMapper
    - ObjectMapper
    - SDWebImage

SPEC CHECKSUMS:
  Alamofire: 85e8a02c69d6020a0d734f6054870d7ecb75cf18
  AlamofireObjectMapper: 1989f690e982b71921b9253f53a4f33a9bc00d88
  ObjectMapper: 97111c97e054a6ee25917662106689f0b4127b37
  SDWebImage: 1c39de67663e5eebb2f41324d5d580eeea12dd4c

PODFILE CHECKSUM: b6678da24cb8f80efab9727d63a7ba021df9c883

COCOAPODS: 1.9.3
